
Microsoft Visual Studio Solution File, Format Version 12.00
Project("{FAE04EC0-301F-11D3-BF4B-00C04F79EFBC}") = "Codewars-Challenge-Tests", "Codewars-Challenge-Tests\Codewars-Challenge-Tests.csproj", "{C994FE83-0DFE-4361-9C20-830E120EFB01}"
EndProject
Global
	GlobalSection(SolutionConfigurationPlatforms) = preSolution
		Debug|Any CPU = Debug|Any CPU
		Release|Any CPU = Release|Any CPU
	EndGlobalSection
	GlobalSection(ProjectConfigurationPlatforms) = postSolution
		{C994FE83-0DFE-4361-9C20-830E120EFB01}.Debug|Any CPU.ActiveCfg = Debug|Any CPU
		{C994FE83-0DFE-4361-9C20-830E120EFB01}.Debug|Any CPU.Build.0 = Debug|Any CPU
		{C994FE83-0DFE-4361-9C20-830E120EFB01}.Release|Any CPU.ActiveCfg = Release|Any CPU
		{C994FE83-0DFE-4361-9C20-830E120EFB01}.Release|Any CPU.Build.0 = Release|Any CPU
	EndGlobalSection
EndGlobal
